<?xml version="1.0" encoding="utf-8"?>
<Project ToolsVersion="4.0" xmlns="http://schemas.microsoft.com/developer/msbuild/2003">
  <ItemGroup>
    <Filter Include="Source Files">
      <UniqueIdentifier>{4FC737F1-C7A5-4376-A066-2A32D752A2FF}</UniqueIdentifier>
      <Extensions>cpp;c;cc;cxx;def;odl;idl;hpj;bat;asm;asmx</Extensions>
    </Filter>
    <Filter Include="Header Files">
      <UniqueIdentifier>{93995380-89BD-4b04-88EB-625FBE52EBFB}</UniqueIdentifier>
      <Extensions>h;hh;hpp;hxx;hm;inl;inc;xsd</Extensions>
    </Filter>
    <Filter Include="Resource Files">
      <UniqueIdentifier>{67DA6AB6-F800-4c08-8B7A-83BB121AAD01}</UniqueIdentifier>
      <Extensions>rc;ico;cur;bmp;dlg;rc2;rct;bin;rgs;gif;jpg;jpeg;jpe;resx;tiff;tif;png;wav;mfcribbon-ms</Extensions>
    </Filter>
    <Filter Include="Header Files\glfw">
      <UniqueIdentifier>{7822640f-1845-4987-806f-0ca79c466970}</UniqueIdentifier>
    </Filter>
    <Filter Include="Header Files\glfw\Interfaces">
      <UniqueIdentifier>{7255ae5c-768c-4d27-854a-82282f815c02}</UniqueIdentifier>
    </Filter>
    <Filter Include="Header Files\peg">
      <UniqueIdentifier>{9d7aa5e1-872c-41ab-b163-7fd55dc4a0d0}</UniqueIdentifier>
    </Filter>
    <Filter Include="Source Files\peg">
      <UniqueIdentifier>{1ac3a8e7-9a9a-4a50-8bba-65e1fbb1af88}</UniqueIdentifier>
    </Filter>
    <Filter Include="Source Files\glfw">
      <UniqueIdentifier>{f1796afd-a1c9-4266-99b2-be2c732e75f5}</UniqueIdentifier>
    </Filter>
    <Filter Include="Header Files\glsl">
      <UniqueIdentifier>{9c2e53b7-a83e-4eb8-961e-d9eb866ba4ec}</UniqueIdentifier>
    </Filter>
    <Filter Include="Source Files\glsl">
      <UniqueIdentifier>{5bc9d764-2a8e-4902-91ab-0f2283a7446b}</UniqueIdentifier>
    </Filter>
    <Filter Include="Source Files\demo">
      <UniqueIdentifier>{bd2ece4d-8860-40d2-a320-471d9a30efc0}</UniqueIdentifier>
    </Filter>
    <Filter Include="Header Files\demo">
      <UniqueIdentifier>{1d465548-76eb-4d72-8c39-3392fede1643}</UniqueIdentifier>
    </Filter>
    <Filter Include="Source Files\freetype">
      <UniqueIdentifier>{ac3bc2ef-bc6f-4e19-be99-ea41150baf89}</UniqueIdentifier>
    </Filter>
    <Filter Include="Header Files\freetype">
      <UniqueIdentifier>{2da690c3-b3f8-4a18-8217-a3c878cd39d7}</UniqueIdentifier>
    </Filter>
  </ItemGroup>
  <ItemGroup>
    <ClCompile Include="GlfwContext.cpp">
      <Filter>Source Files\glfw</Filter>
    </ClCompile>
    <ClCompile Include="GlfwStandardCallbackProvider.cpp">
      <Filter>Source Files\glfw</Filter>
    </ClCompile>
    <ClCompile Include="SimpleProgram.cpp">
      <Filter>Source Files\demo</Filter>
    </ClCompile>
    <ClCompile Include="StandardCamera.cpp">
      <Filter>Source Files\peg</Filter>
    </ClCompile>
    <ClCompile Include="StandardScene.cpp">
      <Filter>Source Files\peg</Filter>
    </ClCompile>
    <ClCompile Include="Cube.cpp">
      <Filter>Source Files\demo</Filter>
    </ClCompile>
    <ClCompile Include="Rectangle.cpp">
      <Filter>Source Files\demo</Filter>
    </ClCompile>
    <ClCompile Include="GlslProgram.cpp">
      <Filter>Source Files\glsl</Filter>
    </ClCompile>
    <ClCompile Include="glutils.cpp">
      <Filter>Source Files\glsl</Filter>
    </ClCompile>
    <ClCompile Include="BasicObject.cpp">
      <Filter>Source Files\demo</Filter>
    </ClCompile>
    <ClCompile Include="Demo.cpp">
      <Filter>Source Files\demo</Filter>
    </ClCompile>
    <ClCompile Include="Main.cpp">
      <Filter>Source Files</Filter>
    </ClCompile>
    <ClCompile Include="PniBuffer.cpp">
      <Filter>Source Files\demo</Filter>
    </ClCompile>
    <ClCompile Include="DebugHud.cpp">
      <Filter>Source Files</Filter>
    </ClCompile>
    <ClCompile Include="freetype.cpp">
      <Filter>Source Files\freetype</Filter>
    </ClCompile>
  </ItemGroup>
  <ItemGroup>
    <ClInclude Include="resource.h">
      <Filter>Header Files</Filter>
    </ClInclude>
    <ClInclude Include="GlfwCallbackProvider.h">
      <Filter>Header Files\glfw\Interfaces</Filter>
    </ClInclude>
    <ClInclude Include="GlfwContext.h">
      <Filter>Header Files\glfw</Filter>
    </ClInclude>
    <ClInclude Include="GlfwCallbackGenerator.h">
      <Filter>Header Files\glfw</Filter>
    </ClInclude>
    <ClInclude Include="GlfwStandardCallbackProvider.h">
      <Filter>Header Files\glfw</Filter>
    </ClInclude>
    <ClInclude Include="Cube.h">
      <Filter>Header Files\demo</Filter>
    </ClInclude>
    <ClInclude Include="SimpleProgram.h">
      <Filter>Header Files\demo</Filter>
    </ClInclude>
    <ClInclude Include="StandardCamera.h">
      <Filter>Header Files\peg</Filter>
    </ClInclude>
    <ClInclude Include="StandardScene.h">
      <Filter>Header Files\peg</Filter>
    </ClInclude>
    <ClInclude Include="Rectangle.h">
      <Filter>Header Files\demo</Filter>
    </ClInclude>
    <ClInclude Include="GlslProgram.h">
      <Filter>Header Files\glsl</Filter>
    </ClInclude>
    <ClInclude Include="glutils.h">
      <Filter>Header Files\glsl</Filter>
    </ClInclude>
    <ClInclude Include="BasicObject.h">
      <Filter>Header Files\demo</Filter>
    </ClInclude>
    <ClInclude Include="Demo.h">
      <Filter>Header Files\demo</Filter>
    </ClInclude>
    <ClInclude Include="PniBuffer.h">
      <Filter>Header Files\demo</Filter>
    </ClInclude>
    <ClInclude Include="DebugHud.h">
      <Filter>Header Files</Filter>
    </ClInclude>
    <ClInclude Include="freetype.h">
      <Filter>Header Files\freetype</Filter>
    </ClInclude>
  </ItemGroup>
  <ItemGroup>
    <None Include="basic.vert">
      <Filter>Resource Files</Filter>
    </None>
    <None Include="basic.frag">
      <Filter>Resource Files</Filter>
    </None>
  </ItemGroup>
  <ItemGroup>
    <Image Include="fontmap.gif">
      <Filter>Resource Files</Filter>
    </Image>
  </ItemGroup>
  <ItemGroup>
    <Font Include="arial.ttf">
      <Filter>Resource Files</Filter>
    </Font>
  </ItemGroup>
</Project>